
Microsoft Visual Studio Solution File, Format Version 12.00
# Visual Studio Version 17
VisualStudioVersion = 17.5.33502.453
MinimumVisualStudioVersion = 10.0.40219.1
Project("{FAE04EC0-301F-11D3-BF4B-00C04F79EFBC}") = "Task_1", "Task_1\Task_1.csproj", "{F10247B3-5E16-400A-9AC7-BB8F1440075B}"
EndProject
Project("{FAE04EC0-301F-11D3-BF4B-00C04F79EFBC}") = "Task_2", "Task_2\Task_2.csproj", "{4872E9DF-DC67-4CE1-B678-7EA9C2860C85}"
EndProject
Global
	GlobalSection(SolutionConfigurationPlatforms) = preSolution
		Debug|Any CPU = Debug|Any CPU
		Release|Any CPU = Release|Any CPU
	EndGlobalSection
	GlobalSection(ProjectConfigurationPlatforms) = postSolution
		{F10247B3-5E16-400A-9AC7-BB8F1440075B}.Debug|Any CPU.ActiveCfg = Debug|Any CPU
		{F10247B3-5E16-400A-9AC7-BB8F1440075B}.Debug|Any CPU.Build.0 = Debug|Any CPU
		{F10247B3-5E16-400A-9AC7-BB8F1440075B}.Release|Any CPU.ActiveCfg = Release|Any CPU
		{F10247B3-5E16-400A-9AC7-BB8F1440075B}.Release|Any CPU.Build.0 = Release|Any CPU
		{4872E9DF-DC67-4CE1-B678-7EA9C2860C85}.Debug|Any CPU.ActiveCfg = Debug|Any CPU
		{4872E9DF-DC67-4CE1-B678-7EA9C2860C85}.Debug|Any CPU.Build.0 = Debug|Any CPU
		{4872E9DF-DC67-4CE1-B678-7EA9C2860C85}.Release|Any CPU.ActiveCfg = Release|Any CPU
		{4872E9DF-DC67-4CE1-B678-7EA9C2860C85}.Release|Any CPU.Build.0 = Release|Any CPU
	EndGlobalSection
	GlobalSection(SolutionProperties) = preSolution
		HideSolutionNode = FALSE
	EndGlobalSection
	GlobalSection(ExtensibilityGlobals) = postSolution
		SolutionGuid = {2576E07F-69BB-4F72-8D86-FD44E30B0322}
	EndGlobalSection
EndGlobal
